
Microsoft Visual Studio Solution File, Format Version 12.00
# Visual Studio Version 17
VisualStudioVersion = 17.4.33205.214
MinimumVisualStudioVersion = 10.0.40219.1
Project("{9A19103F-16F7-4668-BE54-9A1E7A4F7556}") = "AlfredAdminLogin", "AlfredAdminLogin.csproj", "{9B5A1F0E-A7B8-4A4C-8E79-99F1992B0BAE}"
EndProject
Project("{2150E333-8FDC-42A3-9474-1A3956D46DE8}") = "01_Framework", "01_Framework", "{3A7DF734-91AF-4C64-9606-0A2B7F16CD91}"
EndProject
Project("{2150E333-8FDC-42A3-9474-1A3956D46DE8}") = "02_DataAccess", "02_DataAccess", "{96641E36-0933-478D-8266-37F595D3E90B}"
EndProject
Project("{2150E333-8FDC-42A3-9474-1A3956D46DE8}") = "03_Business", "03_Business", "{1432AF63-09A0-429C-90EE-E73ECE34E412}"
EndProject
Project("{2150E333-8FDC-42A3-9474-1A3956D46DE8}") = "04_Entity", "04_Entity", "{023F4272-212A-4179-971C-346163C05A30}"
EndProject
Project("{2150E333-8FDC-42A3-9474-1A3956D46DE8}") = "05_Web", "05_Web", "{EAC7B983-C096-4232-87F4-4C550520821B}"
EndProject
Project("{9A19103F-16F7-4668-BE54-9A1E7A4F7556}") = "Alfred.Data", "..\Alfred.Data\Alfred.Data.csproj", "{4CEA5F53-CB8D-40AD-9EF8-D7971EF17DC2}"
EndProject
Project("{9A19103F-16F7-4668-BE54-9A1E7A4F7556}") = "Alfred.Data.EF", "..\Alfred.Data.EF\Alfred.Data.EF.csproj", "{8D50A64B-4CE0-474B-90CD-F3A703B4708B}"
EndProject
Project("{9A19103F-16F7-4668-BE54-9A1E7A4F7556}") = "Alfred.Data.Repository", "..\Alfred.Data.Repository\Alfred.Data.Repository.csproj", "{638CE4B1-3FCA-4012-8E47-BDE3EE7BF02A}"
EndProject
Project("{9A19103F-16F7-4668-BE54-9A1E7A4F7556}") = "Alfred.Util", "..\Alfred.Util\Alfred.Util.csproj", "{F4D689CC-1FF9-457D-B75A-654E39D30913}"
EndProject
Project("{9A19103F-16F7-4668-BE54-9A1E7A4F7556}") = "Alfred.IdGenerator", "..\Alfred.IdGenerator\Alfred.IdGenerator.csproj", "{CA00C8AF-8393-4348-9575-167986D380B6}"
EndProject
Project("{9A19103F-16F7-4668-BE54-9A1E7A4F7556}") = "Alfred.CodeGenerator", "..\Alfred.CodeGenerator\Alfred.CodeGenerator.csproj", "{E1E25BB8-B06B-41D2-8E98-0B6D30725A5B}"
EndProject
Project("{2150E333-8FDC-42A3-9474-1A3956D46DE8}") = "Cache", "Cache", "{64166197-1B2C-4C30-8C12-8D754F025D14}"
EndProject
Project("{9A19103F-16F7-4668-BE54-9A1E7A4F7556}") = "Alfred.Cache.Factory", "..\Alfred.Cache.Factory\Alfred.Cache.Factory.csproj", "{B0E4C3E0-DEF4-4B14-9E8D-4701E7EE3024}"
EndProject
Project("{9A19103F-16F7-4668-BE54-9A1E7A4F7556}") = "Alfred.Cache.Interface", "..\Alfred.Cache.Interface\Alfred.Cache.Interface.csproj", "{D283BF42-E3E6-472C-9C1E-D27D82B11E15}"
EndProject
Project("{9A19103F-16F7-4668-BE54-9A1E7A4F7556}") = "Alfred.MemoryCache", "..\Alfred.MemoryCache\Alfred.MemoryCache.csproj", "{37A9DD2D-896D-45F7-90E2-1231FC608819}"
EndProject
Project("{9A19103F-16F7-4668-BE54-9A1E7A4F7556}") = "Alfred.RedisCache", "..\Alfred.RedisCache\Alfred.RedisCache.csproj", "{ADC0A68F-C6D7-4B86-8863-4341B2970176}"
EndProject
Project("{9A19103F-16F7-4668-BE54-9A1E7A4F7556}") = "Alfred.Business", "..\Alfred.Business\Alfred.Business.csproj", "{831149C8-2E72-4FFE-BDD4-E760AC1B0D68}"
EndProject
Project("{9A19103F-16F7-4668-BE54-9A1E7A4F7556}") = "Alfred.Business.AutoJob", "..\Alfred.Business.AutoJob\Alfred.Business.AutoJob.csproj", "{D709BAD5-AF56-4D16-BAEE-510EE777BADE}"
EndProject
Project("{9A19103F-16F7-4668-BE54-9A1E7A4F7556}") = "Alfred.Business.Cache", "..\Alfred.Business.Cache\Alfred.Business.Cache.csproj", "{FCD81349-E0BC-4672-93F0-22C7AAEDA9FF}"
EndProject
Project("{9A19103F-16F7-4668-BE54-9A1E7A4F7556}") = "Alfred.Service", "..\Alfred.Service\Alfred.Service.csproj", "{00B9A8C3-5D4E-4592-9FF4-07CD7DAF4A6A}"
EndProject
Project("{9A19103F-16F7-4668-BE54-9A1E7A4F7556}") = "Alfred.Enum", "..\Alfred.Enum\Alfred.Enum.csproj", "{D4DA7899-05EA-43D8-A711-6E614DE69234}"
EndProject
Project("{9A19103F-16F7-4668-BE54-9A1E7A4F7556}") = "Alfred.Model", "..\Alfred.Model\Alfred.Model.csproj", "{87BC054D-D994-48B9-8A11-9F998C758509}"
EndProject
Project("{9A19103F-16F7-4668-BE54-9A1E7A4F7556}") = "Alfred.Web.Code", "..\Alfred.Web.Code\Alfred.Web.Code.csproj", "{F2D4E389-0C70-48D2-882E-620AA78F3E20}"
EndProject
Project("{9A19103F-16F7-4668-BE54-9A1E7A4F7556}") = "AlfredAdminLogin.WebApi", "..\AlfredAdminLogin.WebApi\AlfredAdminLogin.WebApi.csproj", "{B8E1F536-AB2D-43FD-B8C6-40BBE820FA3A}"
EndProject
Project("{9A19103F-16F7-4668-BE54-9A1E7A4F7556}") = "Alfred.Entity", "..\Alfred.Entity\Alfred.Entity.csproj", "{5CC43F61-2ACB-442E-BD15-9695B7A15B00}"
EndProject
Global
	GlobalSection(SolutionConfigurationPlatforms) = preSolution
		Debug|Any CPU = Debug|Any CPU
		Release|Any CPU = Release|Any CPU
	EndGlobalSection
	GlobalSection(ProjectConfigurationPlatforms) = postSolution
		{9B5A1F0E-A7B8-4A4C-8E79-99F1992B0BAE}.Debug|Any CPU.ActiveCfg = Debug|Any CPU
		{9B5A1F0E-A7B8-4A4C-8E79-99F1992B0BAE}.Debug|Any CPU.Build.0 = Debug|Any CPU
		{9B5A1F0E-A7B8-4A4C-8E79-99F1992B0BAE}.Release|Any CPU.ActiveCfg = Release|Any CPU
		{9B5A1F0E-A7B8-4A4C-8E79-99F1992B0BAE}.Release|Any CPU.Build.0 = Release|Any CPU
		{4CEA5F53-CB8D-40AD-9EF8-D7971EF17DC2}.Debug|Any CPU.ActiveCfg = Debug|Any CPU
		{4CEA5F53-CB8D-40AD-9EF8-D7971EF17DC2}.Debug|Any CPU.Build.0 = Debug|Any CPU
		{4CEA5F53-CB8D-40AD-9EF8-D7971EF17DC2}.Release|Any CPU.ActiveCfg = Release|Any CPU
		{4CEA5F53-CB8D-40AD-9EF8-D7971EF17DC2}.Release|Any CPU.Build.0 = Release|Any CPU
		{8D50A64B-4CE0-474B-90CD-F3A703B4708B}.Debug|Any CPU.ActiveCfg = Debug|Any CPU
		{8D50A64B-4CE0-474B-90CD-F3A703B4708B}.Debug|Any CPU.Build.0 = Debug|Any CPU
		{8D50A64B-4CE0-474B-90CD-F3A703B4708B}.Release|Any CPU.ActiveCfg = Release|Any CPU
		{8D50A64B-4CE0-474B-90CD-F3A703B4708B}.Release|Any CPU.Build.0 = Release|Any CPU
		{638CE4B1-3FCA-4012-8E47-BDE3EE7BF02A}.Debug|Any CPU.ActiveCfg = Debug|Any CPU
		{638CE4B1-3FCA-4012-8E47-BDE3EE7BF02A}.Debug|Any CPU.Build.0 = Debug|Any CPU
		{638CE4B1-3FCA-4012-8E47-BDE3EE7BF02A}.Release|Any CPU.ActiveCfg = Release|Any CPU
		{638CE4B1-3FCA-4012-8E47-BDE3EE7BF02A}.Release|Any CPU.Build.0 = Release|Any CPU
		{F4D689CC-1FF9-457D-B75A-654E39D30913}.Debug|Any CPU.ActiveCfg = Debug|Any CPU
		{F4D689CC-1FF9-457D-B75A-654E39D30913}.Debug|Any CPU.Build.0 = Debug|Any CPU
		{F4D689CC-1FF9-457D-B75A-654E39D30913}.Release|Any CPU.ActiveCfg = Release|Any CPU
		{F4D689CC-1FF9-457D-B75A-654E39D30913}.Release|Any CPU.Build.0 = Release|Any CPU
		{CA00C8AF-8393-4348-9575-167986D380B6}.Debug|Any CPU.ActiveCfg = Debug|Any CPU
		{CA00C8AF-8393-4348-9575-167986D380B6}.Debug|Any CPU.Build.0 = Debug|Any CPU
		{CA00C8AF-8393-4348-9575-167986D380B6}.Release|Any CPU.ActiveCfg = Release|Any CPU
		{CA00C8AF-8393-4348-9575-167986D380B6}.Release|Any CPU.Build.0 = Release|Any CPU
		{E1E25BB8-B06B-41D2-8E98-0B6D30725A5B}.Debug|Any CPU.ActiveCfg = Debug|Any CPU
		{E1E25BB8-B06B-41D2-8E98-0B6D30725A5B}.Debug|Any CPU.Build.0 = Debug|Any CPU
		{E1E25BB8-B06B-41D2-8E98-0B6D30725A5B}.Release|Any CPU.ActiveCfg = Release|Any CPU
		{E1E25BB8-B06B-41D2-8E98-0B6D30725A5B}.Release|Any CPU.Build.0 = Release|Any CPU
		{B0E4C3E0-DEF4-4B14-9E8D-4701E7EE3024}.Debug|Any CPU.ActiveCfg = Debug|Any CPU
		{B0E4C3E0-DEF4-4B14-9E8D-4701E7EE3024}.Debug|Any CPU.Build.0 = Debug|Any CPU
		{B0E4C3E0-DEF4-4B14-9E8D-4701E7EE3024}.Release|Any CPU.ActiveCfg = Release|Any CPU
		{B0E4C3E0-DEF4-4B14-9E8D-4701E7EE3024}.Release|Any CPU.Build.0 = Release|Any CPU
		{D283BF42-E3E6-472C-9C1E-D27D82B11E15}.Debug|Any CPU.ActiveCfg = Debug|Any CPU
		{D283BF42-E3E6-472C-9C1E-D27D82B11E15}.Debug|Any CPU.Build.0 = Debug|Any CPU
		{D283BF42-E3E6-472C-9C1E-D27D82B11E15}.Release|Any CPU.ActiveCfg = Release|Any CPU
		{D283BF42-E3E6-472C-9C1E-D27D82B11E15}.Release|Any CPU.Build.0 = Release|Any CPU
		{37A9DD2D-896D-45F7-90E2-1231FC608819}.Debug|Any CPU.ActiveCfg = Debug|Any CPU
		{37A9DD2D-896D-45F7-90E2-1231FC608819}.Debug|Any CPU.Build.0 = Debug|Any CPU
		{37A9DD2D-896D-45F7-90E2-1231FC608819}.Release|Any CPU.ActiveCfg = Release|Any CPU
		{37A9DD2D-896D-45F7-90E2-1231FC608819}.Release|Any CPU.Build.0 = Release|Any CPU
		{ADC0A68F-C6D7-4B86-8863-4341B2970176}.Debug|Any CPU.ActiveCfg = Debug|Any CPU
		{ADC0A68F-C6D7-4B86-8863-4341B2970176}.Debug|Any CPU.Build.0 = Debug|Any CPU
		{ADC0A68F-C6D7-4B86-8863-4341B2970176}.Release|Any CPU.ActiveCfg = Release|Any CPU
		{ADC0A68F-C6D7-4B86-8863-4341B2970176}.Release|Any CPU.Build.0 = Release|Any CPU
		{831149C8-2E72-4FFE-BDD4-E760AC1B0D68}.Debug|Any CPU.ActiveCfg = Debug|Any CPU
		{831149C8-2E72-4FFE-BDD4-E760AC1B0D68}.Debug|Any CPU.Build.0 = Debug|Any CPU
		{831149C8-2E72-4FFE-BDD4-E760AC1B0D68}.Release|Any CPU.ActiveCfg = Release|Any CPU
		{831149C8-2E72-4FFE-BDD4-E760AC1B0D68}.Release|Any CPU.Build.0 = Release|Any CPU
		{D709BAD5-AF56-4D16-BAEE-510EE777BADE}.Debug|Any CPU.ActiveCfg = Debug|Any CPU
		{D709BAD5-AF56-4D16-BAEE-510EE777BADE}.Debug|Any CPU.Build.0 = Debug|Any CPU
		{D709BAD5-AF56-4D16-BAEE-510EE777BADE}.Release|Any CPU.ActiveCfg = Release|Any CPU
		{D709BAD5-AF56-4D16-BAEE-510EE777BADE}.Release|Any CPU.Build.0 = Release|Any CPU
		{FCD81349-E0BC-4672-93F0-22C7AAEDA9FF}.Debug|Any CPU.ActiveCfg = Debug|Any CPU
		{FCD81349-E0BC-4672-93F0-22C7AAEDA9FF}.Debug|Any CPU.Build.0 = Debug|Any CPU
		{FCD81349-E0BC-4672-93F0-22C7AAEDA9FF}.Release|Any CPU.ActiveCfg = Release|Any CPU
		{FCD81349-E0BC-4672-93F0-22C7AAEDA9FF}.Release|Any CPU.Build.0 = Release|Any CPU
		{00B9A8C3-5D4E-4592-9FF4-07CD7DAF4A6A}.Debug|Any CPU.ActiveCfg = Debug|Any CPU
		{00B9A8C3-5D4E-4592-9FF4-07CD7DAF4A6A}.Debug|Any CPU.Build.0 = Debug|Any CPU
		{00B9A8C3-5D4E-4592-9FF4-07CD7DAF4A6A}.Release|Any CPU.ActiveCfg = Release|Any CPU
		{00B9A8C3-5D4E-4592-9FF4-07CD7DAF4A6A}.Release|Any CPU.Build.0 = Release|Any CPU
		{D4DA7899-05EA-43D8-A711-6E614DE69234}.Debug|Any CPU.ActiveCfg = Debug|Any CPU
		{D4DA7899-05EA-43D8-A711-6E614DE69234}.Debug|Any CPU.Build.0 = Debug|Any CPU
		{D4DA7899-05EA-43D8-A711-6E614DE69234}.Release|Any CPU.ActiveCfg = Release|Any CPU
		{D4DA7899-05EA-43D8-A711-6E614DE69234}.Release|Any CPU.Build.0 = Release|Any CPU
		{87BC054D-D994-48B9-8A11-9F998C758509}.Debug|Any CPU.ActiveCfg = Debug|Any CPU
		{87BC054D-D994-48B9-8A11-9F998C758509}.Debug|Any CPU.Build.0 = Debug|Any CPU
		{87BC054D-D994-48B9-8A11-9F998C758509}.Release|Any CPU.ActiveCfg = Release|Any CPU
		{87BC054D-D994-48B9-8A11-9F998C758509}.Release|Any CPU.Build.0 = Release|Any CPU
		{F2D4E389-0C70-48D2-882E-620AA78F3E20}.Debug|Any CPU.ActiveCfg = Debug|Any CPU
		{F2D4E389-0C70-48D2-882E-620AA78F3E20}.Debug|Any CPU.Build.0 = Debug|Any CPU
		{F2D4E389-0C70-48D2-882E-620AA78F3E20}.Release|Any CPU.ActiveCfg = Release|Any CPU
		{F2D4E389-0C70-48D2-882E-620AA78F3E20}.Release|Any CPU.Build.0 = Release|Any CPU
		{B8E1F536-AB2D-43FD-B8C6-40BBE820FA3A}.Debug|Any CPU.ActiveCfg = Debug|Any CPU
		{B8E1F536-AB2D-43FD-B8C6-40BBE820FA3A}.Debug|Any CPU.Build.0 = Debug|Any CPU
		{B8E1F536-AB2D-43FD-B8C6-40BBE820FA3A}.Release|Any CPU.ActiveCfg = Release|Any CPU
		{B8E1F536-AB2D-43FD-B8C6-40BBE820FA3A}.Release|Any CPU.Build.0 = Release|Any CPU
		{5CC43F61-2ACB-442E-BD15-9695B7A15B00}.Debug|Any CPU.ActiveCfg = Debug|Any CPU
		{5CC43F61-2ACB-442E-BD15-9695B7A15B00}.Debug|Any CPU.Build.0 = Debug|Any CPU
		{5CC43F61-2ACB-442E-BD15-9695B7A15B00}.Release|Any CPU.ActiveCfg = Release|Any CPU
		{5CC43F61-2ACB-442E-BD15-9695B7A15B00}.Release|Any CPU.Build.0 = Release|Any CPU
	EndGlobalSection
	GlobalSection(SolutionProperties) = preSolution
		HideSolutionNode = FALSE
	EndGlobalSection
	GlobalSection(NestedProjects) = preSolution
		{4CEA5F53-CB8D-40AD-9EF8-D7971EF17DC2} = {96641E36-0933-478D-8266-37F595D3E90B}
		{8D50A64B-4CE0-474B-90CD-F3A703B4708B} = {96641E36-0933-478D-8266-37F595D3E90B}
		{638CE4B1-3FCA-4012-8E47-BDE3EE7BF02A} = {96641E36-0933-478D-8266-37F595D3E90B}
		{F4D689CC-1FF9-457D-B75A-654E39D30913} = {3A7DF734-91AF-4C64-9606-0A2B7F16CD91}
		{CA00C8AF-8393-4348-9575-167986D380B6} = {3A7DF734-91AF-4C64-9606-0A2B7F16CD91}
		{E1E25BB8-B06B-41D2-8E98-0B6D30725A5B} = {3A7DF734-91AF-4C64-9606-0A2B7F16CD91}
		{64166197-1B2C-4C30-8C12-8D754F025D14} = {3A7DF734-91AF-4C64-9606-0A2B7F16CD91}
		{B0E4C3E0-DEF4-4B14-9E8D-4701E7EE3024} = {64166197-1B2C-4C30-8C12-8D754F025D14}
		{D283BF42-E3E6-472C-9C1E-D27D82B11E15} = {64166197-1B2C-4C30-8C12-8D754F025D14}
		{37A9DD2D-896D-45F7-90E2-1231FC608819} = {64166197-1B2C-4C30-8C12-8D754F025D14}
		{ADC0A68F-C6D7-4B86-8863-4341B2970176} = {64166197-1B2C-4C30-8C12-8D754F025D14}
		{831149C8-2E72-4FFE-BDD4-E760AC1B0D68} = {1432AF63-09A0-429C-90EE-E73ECE34E412}
		{D709BAD5-AF56-4D16-BAEE-510EE777BADE} = {1432AF63-09A0-429C-90EE-E73ECE34E412}
		{FCD81349-E0BC-4672-93F0-22C7AAEDA9FF} = {1432AF63-09A0-429C-90EE-E73ECE34E412}
		{00B9A8C3-5D4E-4592-9FF4-07CD7DAF4A6A} = {1432AF63-09A0-429C-90EE-E73ECE34E412}
		{D4DA7899-05EA-43D8-A711-6E614DE69234} = {023F4272-212A-4179-971C-346163C05A30}
		{87BC054D-D994-48B9-8A11-9F998C758509} = {023F4272-212A-4179-971C-346163C05A30}
		{F2D4E389-0C70-48D2-882E-620AA78F3E20} = {EAC7B983-C096-4232-87F4-4C550520821B}
		{5CC43F61-2ACB-442E-BD15-9695B7A15B00} = {023F4272-212A-4179-971C-346163C05A30}
	EndGlobalSection
	GlobalSection(ExtensibilityGlobals) = postSolution
		SolutionGuid = {C5E3440C-AD57-4305-8336-1EFDB812E1A3}
	EndGlobalSection
EndGlobal
